
Microsoft Visual Studio Solution File, Format Version 12.00
# Visual Studio Version 16
VisualStudioVersion = 16.0.28803.202
MinimumVisualStudioVersion = 10.0.40219.1
Project("{FAE04EC0-301F-11D3-BF4B-00C04F79EFBC}") = "DTN.TelegramAPI", "DTN.TelegramAPI\DTN.TelegramAPI.csproj", "{25C1A020-B089-41E3-96C5-C890693F0356}"
	ProjectSection(ProjectDependencies) = postProject
		{62D0DD26-D6A7-4532-973F-D4274EC91C4B} = {62D0DD26-D6A7-4532-973F-D4274EC91C4B}
	EndProjectSection
EndProject
Project("{FAE04EC0-301F-11D3-BF4B-00C04F79EFBC}") = "DTN.Core", "DTN.Core\DTN.Core.csproj", "{62D0DD26-D6A7-4532-973F-D4274EC91C4B}"
EndProject
Global
	GlobalSection(SolutionConfigurationPlatforms) = preSolution
		Debug|Any CPU = Debug|Any CPU
		Release|Any CPU = Release|Any CPU
	EndGlobalSection
	GlobalSection(ProjectConfigurationPlatforms) = postSolution
		{25C1A020-B089-41E3-96C5-C890693F0356}.Debug|Any CPU.ActiveCfg = Debug|Any CPU
		{25C1A020-B089-41E3-96C5-C890693F0356}.Debug|Any CPU.Build.0 = Debug|Any CPU
		{25C1A020-B089-41E3-96C5-C890693F0356}.Release|Any CPU.ActiveCfg = Release|Any CPU
		{25C1A020-B089-41E3-96C5-C890693F0356}.Release|Any CPU.Build.0 = Release|Any CPU
		{62D0DD26-D6A7-4532-973F-D4274EC91C4B}.Debug|Any CPU.ActiveCfg = Debug|Any CPU
		{62D0DD26-D6A7-4532-973F-D4274EC91C4B}.Debug|Any CPU.Build.0 = Debug|Any CPU
		{62D0DD26-D6A7-4532-973F-D4274EC91C4B}.Release|Any CPU.ActiveCfg = Release|Any CPU
		{62D0DD26-D6A7-4532-973F-D4274EC91C4B}.Release|Any CPU.Build.0 = Release|Any CPU
	EndGlobalSection
	GlobalSection(SolutionProperties) = preSolution
		HideSolutionNode = FALSE
	EndGlobalSection
	GlobalSection(ExtensibilityGlobals) = postSolution
		SolutionGuid = {7409783A-F093-4603-9A55-8BA7FCB23C7C}
	EndGlobalSection
EndGlobal
